{
  "name": "vol_04",
  "lockfileVersion": 3,
  "requires": true,
  "packages": {
    "": {
      "dependencies": {
        "rete": "^1.5.0",
        "theaterjs": "^3.2.0",
        "three": "^0.150.1",
        "underscore": "^1.13.6"
      }
    },
    "node_modules/rete": {
      "version": "1.5.0",
      "resolved": "https://registry.npmjs.org/rete/-/rete-1.5.0.tgz",
      "integrity": "sha512-JLQXjSbYuz7XBq+BcN2KTSRErwZ7X/MoHmlO1wGlyAmEdaMzog+nLWRwouBD8b5yEeKj1Lkf46eajVVLxYHUgA==",
      "hasInstallScript": true
    },
    "node_modules/theaterjs": {
      "version": "3.2.0",
      "resolved": "https://registry.npmjs.org/theaterjs/-/theaterjs-3.2.0.tgz",
      "integrity": "sha512-0Y5U+feDeXt0zvwCf4sSwiibyFly1auXRruCyDtAuuADt+gT2w3EvKfsi+rxd+TQkuDo9tmZkYJ/qBXWWOQ15Q=="
    },
    "node_modules/three": {
      "version": "0.150.1",
      "resolved": "https://registry.npmjs.org/three/-/three-0.150.1.tgz",
      "integrity": "sha512-5C1MqKUWaHYo13BX0Q64qcdwImgnnjSOFgBscOzAo8MYCzEtqfQqorEKMcajnA3FHy1yVlIe9AmaMQ0OQracNA=="
    },
    "node_modules/underscore": {
      "version": "1.13.6",
      "resolved": "https://registry.npmjs.org/underscore/-/underscore-1.13.6.tgz",
      "integrity": "sha512-+A5Sja4HP1M08MaXya7p5LvjuM7K6q/2EaC0+iovj/wOcMsTzMvDFbasi/oSapiwOlt252IqsKqPjCl7huKS0A=="
    }
  }
}
